
Microsoft Visual Studio Solution File, Format Version 12.00
# Visual Studio 15
VisualStudioVersion = 15.0.28307.705
MinimumVisualStudioVersion = 10.0.40219.1
Project("{FAE04EC0-301F-11D3-BF4B-00C04F79EFBC}") = "CapaPresentacion", "DashBoard\CapaPresentacion.csproj", "{39A81B41-D5D8-441B-B614-877841ADE79C}"
EndProject
Project("{FAE04EC0-301F-11D3-BF4B-00C04F79EFBC}") = "CapaDatos", "CapaDatos\CapaDatos.csproj", "{AE0E6DEF-CA8E-47C8-9E7D-4382E147C0FC}"
EndProject
Project("{FAE04EC0-301F-11D3-BF4B-00C04F79EFBC}") = "CapaNegocio", "CapaNegocio\CapaNegocio.csproj", "{956CF93F-4F9C-4D12-BA19-01591BD21105}"
EndProject
Project("{FAE04EC0-301F-11D3-BF4B-00C04F79EFBC}") = "CapaEntidades", "CapaEntidades\CapaEntidades.csproj", "{272F6957-ABEC-4480-B03E-E12D77CB2521}"
EndProject
Global
	GlobalSection(SolutionConfigurationPlatforms) = preSolution
		Debug|Any CPU = Debug|Any CPU
		Release|Any CPU = Release|Any CPU
	EndGlobalSection
	GlobalSection(ProjectConfigurationPlatforms) = postSolution
		{39A81B41-D5D8-441B-B614-877841ADE79C}.Debug|Any CPU.ActiveCfg = Debug|Any CPU
		{39A81B41-D5D8-441B-B614-877841ADE79C}.Debug|Any CPU.Build.0 = Debug|Any CPU
		{39A81B41-D5D8-441B-B614-877841ADE79C}.Release|Any CPU.ActiveCfg = Release|Any CPU
		{39A81B41-D5D8-441B-B614-877841ADE79C}.Release|Any CPU.Build.0 = Release|Any CPU
		{AE0E6DEF-CA8E-47C8-9E7D-4382E147C0FC}.Debug|Any CPU.ActiveCfg = Debug|Any CPU
		{AE0E6DEF-CA8E-47C8-9E7D-4382E147C0FC}.Debug|Any CPU.Build.0 = Debug|Any CPU
		{AE0E6DEF-CA8E-47C8-9E7D-4382E147C0FC}.Release|Any CPU.ActiveCfg = Release|Any CPU
		{AE0E6DEF-CA8E-47C8-9E7D-4382E147C0FC}.Release|Any CPU.Build.0 = Release|Any CPU
		{956CF93F-4F9C-4D12-BA19-01591BD21105}.Debug|Any CPU.ActiveCfg = Debug|Any CPU
		{956CF93F-4F9C-4D12-BA19-01591BD21105}.Debug|Any CPU.Build.0 = Debug|Any CPU
		{956CF93F-4F9C-4D12-BA19-01591BD21105}.Release|Any CPU.ActiveCfg = Release|Any CPU
		{956CF93F-4F9C-4D12-BA19-01591BD21105}.Release|Any CPU.Build.0 = Release|Any CPU
		{272F6957-ABEC-4480-B03E-E12D77CB2521}.Debug|Any CPU.ActiveCfg = Debug|Any CPU
		{272F6957-ABEC-4480-B03E-E12D77CB2521}.Debug|Any CPU.Build.0 = Debug|Any CPU
		{272F6957-ABEC-4480-B03E-E12D77CB2521}.Release|Any CPU.ActiveCfg = Release|Any CPU
		{272F6957-ABEC-4480-B03E-E12D77CB2521}.Release|Any CPU.Build.0 = Release|Any CPU
	EndGlobalSection
	GlobalSection(SolutionProperties) = preSolution
		HideSolutionNode = FALSE
	EndGlobalSection
	GlobalSection(ExtensibilityGlobals) = postSolution
		SolutionGuid = {4425380C-487E-46BE-9DF9-632D78BB9A6F}
	EndGlobalSection
EndGlobal
